// !$*UTF8*$!
{
	archiveVersion = 1;
	classes = {
	};
	objectVersion = 46;
	objects = {

/* Begin PBXBuildFile section */
		307A9297D3D6553DCDB3AC40 /* Pods_SavePhotos.framework in Frameworks */ = {isa = PBXBuildFile; fileRef = 35C3388D89E52D42482DE317 /* Pods_SavePhotos.framework */; };
		C90F85621F528FA7006D7736 /* HomeViewController.storyboard in Resources */ = {isa = PBXBuildFile; fileRef = C90F85611F528FA7006D7736 /* HomeViewController.storyboard */; };
		C90F85641F528FCD006D7736 /* SettingViewController.storyboard in Resources */ = {isa = PBXBuildFile; fileRef = C90F85631F528FCD006D7736 /* SettingViewController.storyboard */; };
		C90F85661F528FF8006D7736 /* PostViewController.storyboard in Resources */ = {isa = PBXBuildFile; fileRef = C90F85651F528FF8006D7736 /* PostViewController.storyboard */; };
		C90F85681F52901A006D7736 /* HomeViewController.swift in Sources */ = {isa = PBXBuildFile; fileRef = C90F85671F52901A006D7736 /* HomeViewController.swift */; };
		C90F856A1F529031006D7736 /* SettingViewController.swift in Sources */ = {isa = PBXBuildFile; fileRef = C90F85691F529031006D7736 /* SettingViewController.swift */; };
		C90F856C1F529046006D7736 /* PostViewController.swift in Sources */ = {isa = PBXBuildFile; fileRef = C90F856B1F529046006D7736 /* PostViewController.swift */; };
		C90F85731F52918C006D7736 /* AlbumViewController.swift in Sources */ = {isa = PBXBuildFile; fileRef = C90F85721F52918C006D7736 /* AlbumViewController.swift */; };
		C90F85751F5293FD006D7736 /* StoryboardInstantiable.swift in Sources */ = {isa = PBXBuildFile; fileRef = C90F85741F5293FD006D7736 /* StoryboardInstantiable.swift */; };
		C90F85771F529826006D7736 /* AlbumViewController.storyboard in Resources */ = {isa = PBXBuildFile; fileRef = C90F85761F529826006D7736 /* AlbumViewController.storyboard */; };
		C92E70691F5E9269005B48BC /* DiaryTableViewCell.xib in Resources */ = {isa = PBXBuildFile; fileRef = C92E70681F5E9269005B48BC /* DiaryTableViewCell.xib */; };
		C92E706B1F5E92B0005B48BC /* DiaryTableViewCell.swift in Sources */ = {isa = PBXBuildFile; fileRef = C92E706A1F5E92B0005B48BC /* DiaryTableViewCell.swift */; };
		C98F1DB81F54E7BE009ECE88 /* Album.swift in Sources */ = {isa = PBXBuildFile; fileRef = C98F1DB71F54E7BE009ECE88 /* Album.swift */; };
		C994065F1F5434550080C008 /* Ex_UITableView.swift in Sources */ = {isa = PBXBuildFile; fileRef = C994065E1F5434550080C008 /* Ex_UITableView.swift */; };
		C99406651F5439780080C008 /* Dialy.swift in Sources */ = {isa = PBXBuildFile; fileRef = C99406641F5439780080C008 /* Dialy.swift */; };
		C9AE4B201F529E670077F3DF /* Reusable.swift in Sources */ = {isa = PBXBuildFile; fileRef = C9AE4B1F1F529E670077F3DF /* Reusable.swift */; };
		C9AE4B241F529E9F0077F3DF /* NibLoadable.swift in Sources */ = {isa = PBXBuildFile; fileRef = C9AE4B231F529E9F0077F3DF /* NibLoadable.swift */; };
		C9AE4B261F529F910077F3DF /* InstaView.xib in Resources */ = {isa = PBXBuildFile; fileRef = C9AE4B251F529F910077F3DF /* InstaView.xib */; };
		C9AE4B2A1F52A0250077F3DF /* InstaView.swift in Sources */ = {isa = PBXBuildFile; fileRef = C9AE4B291F52A0250077F3DF /* InstaView.swift */; };
		C9AE4B2C1F52A8D20077F3DF /* AlbumDetailViewController.storyboard in Resources */ = {isa = PBXBuildFile; fileRef = C9AE4B2B1F52A8D20077F3DF /* AlbumDetailViewController.storyboard */; };
		C9AE4B2E1F52A8EF0077F3DF /* AlbumDetailViewController.swift in Sources */ = {isa = PBXBuildFile; fileRef = C9AE4B2D1F52A8EF0077F3DF /* AlbumDetailViewController.swift */; };
		C9AE4B301F52B9C60077F3DF /* Ex_UICollectionView.swift in Sources */ = {isa = PBXBuildFile; fileRef = C9AE4B2F1F52B9C60077F3DF /* Ex_UICollectionView.swift */; };
		C9AE4B351F52BDAE0077F3DF /* AlbumCollectionViewCell.xib in Resources */ = {isa = PBXBuildFile; fileRef = C9AE4B341F52BDAE0077F3DF /* AlbumCollectionViewCell.xib */; };
		C9AE4B371F52BDBE0077F3DF /* AlbumCollectionViewCell.swift in Sources */ = {isa = PBXBuildFile; fileRef = C9AE4B361F52BDBE0077F3DF /* AlbumCollectionViewCell.swift */; };
		C9AE4B3A1F52E0F90077F3DF /* ImagePickerViewController.storyboard in Resources */ = {isa = PBXBuildFile; fileRef = C9AE4B391F52E0F90077F3DF /* ImagePickerViewController.storyboard */; };
		C9AE4B3C1F52E1120077F3DF /* ImagePickerViewController.swift in Sources */ = {isa = PBXBuildFile; fileRef = C9AE4B3B1F52E1120077F3DF /* ImagePickerViewController.swift */; };
		C9AE4B3F1F52E5BD0077F3DF /* ImageCollectionViewCell.xib in Resources */ = {isa = PBXBuildFile; fileRef = C9AE4B3E1F52E5BD0077F3DF /* ImageCollectionViewCell.xib */; };
		C9AE4B411F52E5D40077F3DF /* ImageCollectionViewCell.swift in Sources */ = {isa = PBXBuildFile; fileRef = C9AE4B401F52E5D40077F3DF /* ImageCollectionViewCell.swift */; };
		C9AE4B451F52F6A80077F3DF /* Ex_UIImage.swift in Sources */ = {isa = PBXBuildFile; fileRef = C9AE4B441F52F6A80077F3DF /* Ex_UIImage.swift */; };
		C9BB55DD1F53CDC30080ECE9 /* Helper.swift in Sources */ = {isa = PBXBuildFile; fileRef = C9BB55DC1F53CDC30080ECE9 /* Helper.swift */; };
		C9BB55DF1F53E6710080ECE9 /* WriteViewController.swift in Sources */ = {isa = PBXBuildFile; fileRef = C9BB55DE1F53E6710080ECE9 /* WriteViewController.swift */; };
		C9EAB91C1EE816E000A630FE /* AppDelegate.swift in Sources */ = {isa = PBXBuildFile; fileRef = C9EAB91B1EE816E000A630FE /* AppDelegate.swift */; };
		C9EAB91E1EE816E000A630FE /* ViewController.swift in Sources */ = {isa = PBXBuildFile; fileRef = C9EAB91D1EE816E000A630FE /* ViewController.swift */; };
		C9EAB9231EE816E000A630FE /* Assets.xcassets in Resources */ = {isa = PBXBuildFile; fileRef = C9EAB9221EE816E000A630FE /* Assets.xcassets */; };
		C9EAB9261EE816E000A630FE /* LaunchScreen.storyboard in Resources */ = {isa = PBXBuildFile; fileRef = C9EAB9241EE816E000A630FE /* LaunchScreen.storyboard */; };
		C9EAB9311EE816E000A630FE /* SavePhotosTests.swift in Sources */ = {isa = PBXBuildFile; fileRef = C9EAB9301EE816E000A630FE /* SavePhotosTests.swift */; };
		C9EAB93C1EE816E000A630FE /* SavePhotosUITests.swift in Sources */ = {isa = PBXBuildFile; fileRef = C9EAB93B1EE816E000A630FE /* SavePhotosUITests.swift */; };
		CDCDAE010AC3B166DC849AA4 /* Pods_SavePhotosUITests.framework in Frameworks */ = {isa = PBXBuildFile; fileRef = CC14072BA7B6B920C348EE34 /* Pods_SavePhotosUITests.framework */; };
		EF28F46EF6507B93FD43A815 /* Pods_SavePhotosTests.framework in Frameworks */ = {isa = PBXBuildFile; fileRef = CF2DDBD9C79330D872F9DFF6 /* Pods_SavePhotosTests.framework */; };
/* End PBXBuildFile section */

/* Begin PBXContainerItemProxy section */
		C9EAB92D1EE816E000A630FE /* PBXContainerItemProxy */ = {
			isa = PBXContainerItemProxy;
			containerPortal = C9EAB9101EE816E000A630FE /* Project object */;
			proxyType = 1;
			remoteGlobalIDString = C9EAB9171EE816E000A630FE;
			remoteInfo = SavePhotos;
		};
		C9EAB9381EE816E000A630FE /* PBXContainerItemProxy */ = {
			isa = PBXContainerItemProxy;
			containerPortal = C9EAB9101EE816E000A630FE /* Project object */;
			proxyType = 1;
			remoteGlobalIDString = C9EAB9171EE816E000A630FE;
			remoteInfo = SavePhotos;
		};
/* End PBXContainerItemProxy section */

/* Begin PBXFileReference section */
		050F8FE55F1C5AE4A2BB9755 /* Pods-SavePhotosTests.release.xcconfig */ = {isa = PBXFileReference; includeInIndex = 1; lastKnownFileType = text.xcconfig; name = "Pods-SavePhotosTests.release.xcconfig"; path = "Pods/Target Support Files/Pods-SavePhotosTests/Pods-SavePhotosTests.release.xcconfig"; sourceTree = "<group>"; };
		2395D131620F4431154C7429 /* Pods-SavePhotosTests.debug.xcconfig */ = {isa = PBXFileReference; includeInIndex = 1; lastKnownFileType = text.xcconfig; name = "Pods-SavePhotosTests.debug.xcconfig"; path = "Pods/Target Support Files/Pods-SavePhotosTests/Pods-SavePhotosTests.debug.xcconfig"; sourceTree = "<group>"; };
		35C3388D89E52D42482DE317 /* Pods_SavePhotos.framework */ = {isa = PBXFileReference; explicitFileType = wrapper.framework; includeInIndex = 0; path = Pods_SavePhotos.framework; sourceTree = BUILT_PRODUCTS_DIR; };
		40284B7588C83E6F52F036CF /* Pods-SavePhotosUITests.debug.xcconfig */ = {isa = PBXFileReference; includeInIndex = 1; lastKnownFileType = text.xcconfig; name = "Pods-SavePhotosUITests.debug.xcconfig"; path = "Pods/Target Support Files/Pods-SavePhotosUITests/Pods-SavePhotosUITests.debug.xcconfig"; sourceTree = "<group>"; };
		7A1EB4D369C5C20AB3099A58 /* Pods-SavePhotosUITests.release.xcconfig */ = {isa = PBXFileReference; includeInIndex = 1; lastKnownFileType = text.xcconfig; name = "Pods-SavePhotosUITests.release.xcconfig"; path = "Pods/Target Support Files/Pods-SavePhotosUITests/Pods-SavePhotosUITests.release.xcconfig"; sourceTree = "<group>"; };
		A8039B8DF2EAB916DB4DF83C /* Pods-SavePhotos.release.xcconfig */ = {isa = PBXFileReference; includeInIndex = 1; lastKnownFileType = text.xcconfig; name = "Pods-SavePhotos.release.xcconfig"; path = "Pods/Target Support Files/Pods-SavePhotos/Pods-SavePhotos.release.xcconfig"; sourceTree = "<group>"; };
		C90F85611F528FA7006D7736 /* HomeViewController.storyboard */ = {isa = PBXFileReference; fileEncoding = 4; lastKnownFileType = file.storyboard; name = HomeViewController.storyboard; path = Home/HomeViewController.storyboard; sourceTree = "<group>"; };
		C90F85631F528FCD006D7736 /* SettingViewController.storyboard */ = {isa = PBXFileReference; fileEncoding = 4; lastKnownFileType = file.storyboard; name = SettingViewController.storyboard; path = Setting/SettingViewController.storyboard; sourceTree = "<group>"; };
		C90F85651F528FF8006D7736 /* PostViewController.storyboard */ = {isa = PBXFileReference; fileEncoding = 4; lastKnownFileType = file.storyboard; name = PostViewController.storyboard; path = Post/PostViewController.storyboard; sourceTree = "<group>"; };
		C90F85671F52901A006D7736 /* HomeViewController.swift */ = {isa = PBXFileReference; fileEncoding = 4; lastKnownFileType = sourcecode.swift; name = HomeViewController.swift; path = Home/HomeViewController.swift; sourceTree = "<group>"; };
		C90F85691F529031006D7736 /* SettingViewController.swift */ = {isa = PBXFileReference; fileEncoding = 4; lastKnownFileType = sourcecode.swift; name = SettingViewController.swift; path = Setting/SettingViewController.swift; sourceTree = "<group>"; };
		C90F856B1F529046006D7736 /* PostViewController.swift */ = {isa = PBXFileReference; fileEncoding = 4; lastKnownFileType = sourcecode.swift; name = PostViewController.swift; path = Post/PostViewController.swift; sourceTree = "<group>"; };
		C90F85721F52918C006D7736 /* AlbumViewController.swift */ = {isa = PBXFileReference; fileEncoding = 4; lastKnownFileType = sourcecode.swift; name = AlbumViewController.swift; path = Album/AlbumViewController.swift; sourceTree = "<group>"; };
		C90F85741F5293FD006D7736 /* StoryboardInstantiable.swift */ = {isa = PBXFileReference; fileEncoding = 4; lastKnownFileType = sourcecode.swift; name = StoryboardInstantiable.swift; path = Protocol/StoryboardInstantiable.swift; sourceTree = "<group>"; };
		C90F85761F529826006D7736 /* AlbumViewController.storyboard */ = {isa = PBXFileReference; fileEncoding = 4; lastKnownFileType = file.storyboard; name = AlbumViewController.storyboard; path = Album/AlbumViewController.storyboard; sourceTree = "<group>"; };
		C92E70681F5E9269005B48BC /* DiaryTableViewCell.xib */ = {isa = PBXFileReference; fileEncoding = 4; lastKnownFileType = file.xib; name = DiaryTableViewCell.xib; path = Diary/DiaryTableViewCell.xib; sourceTree = "<group>"; };
		C92E706A1F5E92B0005B48BC /* DiaryTableViewCell.swift */ = {isa = PBXFileReference; fileEncoding = 4; lastKnownFileType = sourcecode.swift; name = DiaryTableViewCell.swift; path = Diary/DiaryTableViewCell.swift; sourceTree = "<group>"; };
		C98F1DB71F54E7BE009ECE88 /* Album.swift */ = {isa = PBXFileReference; fileEncoding = 4; lastKnownFileType = sourcecode.swift; name = Album.swift; path = Object/Album.swift; sourceTree = "<group>"; };
		C994065E1F5434550080C008 /* Ex_UITableView.swift */ = {isa = PBXFileReference; fileEncoding = 4; lastKnownFileType = sourcecode.swift; name = Ex_UITableView.swift; path = Extentions/Ex_UITableView.swift; sourceTree = "<group>"; };
		C99406641F5439780080C008 /* Dialy.swift */ = {isa = PBXFileReference; fileEncoding = 4; lastKnownFileType = sourcecode.swift; name = Dialy.swift; path = Object/Dialy.swift; sourceTree = "<group>"; };
		C9AE4B1F1F529E670077F3DF /* Reusable.swift */ = {isa = PBXFileReference; fileEncoding = 4; lastKnownFileType = sourcecode.swift; name = Reusable.swift; path = Protocol/Reusable.swift; sourceTree = "<group>"; };
		C9AE4B231F529E9F0077F3DF /* NibLoadable.swift */ = {isa = PBXFileReference; fileEncoding = 4; lastKnownFileType = sourcecode.swift; name = NibLoadable.swift; path = Protocol/NibLoadable.swift; sourceTree = "<group>"; };
		C9AE4B251F529F910077F3DF /* InstaView.xib */ = {isa = PBXFileReference; fileEncoding = 4; lastKnownFileType = file.xib; name = InstaView.xib; path = Post/InstaView.xib; sourceTree = "<group>"; };
		C9AE4B291F52A0250077F3DF /* InstaView.swift */ = {isa = PBXFileReference; fileEncoding = 4; lastKnownFileType = sourcecode.swift; name = InstaView.swift; path = Post/InstaView.swift; sourceTree = "<group>"; };
		C9AE4B2B1F52A8D20077F3DF /* AlbumDetailViewController.storyboard */ = {isa = PBXFileReference; fileEncoding = 4; lastKnownFileType = file.storyboard; name = AlbumDetailViewController.storyboard; path = Album/AlbumDetailViewController.storyboard; sourceTree = "<group>"; };
		C9AE4B2D1F52A8EF0077F3DF /* AlbumDetailViewController.swift */ = {isa = PBXFileReference; fileEncoding = 4; lastKnownFileType = sourcecode.swift; path = AlbumDetailViewController.swift; sourceTree = "<group>"; };
		C9AE4B2F1F52B9C60077F3DF /* Ex_UICollectionView.swift */ = {isa = PBXFileReference; fileEncoding = 4; lastKnownFileType = sourcecode.swift; name = Ex_UICollectionView.swift; path = Extentions/Ex_UICollectionView.swift; sourceTree = "<group>"; };
		C9AE4B341F52BDAE0077F3DF /* AlbumCollectionViewCell.xib */ = {isa = PBXFileReference; fileEncoding = 4; lastKnownFileType = file.xib; name = AlbumCollectionViewCell.xib; path = Album/AlbumCollectionViewCell.xib; sourceTree = "<group>"; };
		C9AE4B361F52BDBE0077F3DF /* AlbumCollectionViewCell.swift */ = {isa = PBXFileReference; fileEncoding = 4; lastKnownFileType = sourcecode.swift; name = AlbumCollectionViewCell.swift; path = Album/AlbumCollectionViewCell.swift; sourceTree = "<group>"; };
		C9AE4B391F52E0F90077F3DF /* ImagePickerViewController.storyboard */ = {isa = PBXFileReference; fileEncoding = 4; lastKnownFileType = file.storyboard; name = ImagePickerViewController.storyboard; path = Picker/ImagePickerViewController.storyboard; sourceTree = "<group>"; };
		C9AE4B3B1F52E1120077F3DF /* ImagePickerViewController.swift */ = {isa = PBXFileReference; fileEncoding = 4; lastKnownFileType = sourcecode.swift; name = ImagePickerViewController.swift; path = Picker/ImagePickerViewController.swift; sourceTree = "<group>"; };
		C9AE4B3E1F52E5BD0077F3DF /* ImageCollectionViewCell.xib */ = {isa = PBXFileReference; fileEncoding = 4; lastKnownFileType = file.xib; name = ImageCollectionViewCell.xib; path = Common/ImageCollectionViewCell.xib; sourceTree = "<group>"; };
		C9AE4B401F52E5D40077F3DF /* ImageCollectionViewCell.swift */ = {isa = PBXFileReference; fileEncoding = 4; lastKnownFileType = sourcecode.swift; name = ImageCollectionViewCell.swift; path = Common/ImageCollectionViewCell.swift; sourceTree = "<group>"; };
		C9AE4B441F52F6A80077F3DF /* Ex_UIImage.swift */ = {isa = PBXFileReference; fileEncoding = 4; lastKnownFileType = sourcecode.swift; name = Ex_UIImage.swift; path = Extentions/Ex_UIImage.swift; sourceTree = "<group>"; };
		C9BB55DC1F53CDC30080ECE9 /* Helper.swift */ = {isa = PBXFileReference; fileEncoding = 4; lastKnownFileType = sourcecode.swift; name = Helper.swift; path = Home/Helper.swift; sourceTree = "<group>"; };
		C9BB55DE1F53E6710080ECE9 /* WriteViewController.swift */ = {isa = PBXFileReference; fileEncoding = 4; lastKnownFileType = sourcecode.swift; name = WriteViewController.swift; path = Post/WriteViewController.swift; sourceTree = "<group>"; };
		C9EAB9181EE816E000A630FE /* SavePhotos.app */ = {isa = PBXFileReference; explicitFileType = wrapper.application; includeInIndex = 0; path = SavePhotos.app; sourceTree = BUILT_PRODUCTS_DIR; };
		C9EAB91B1EE816E000A630FE /* AppDelegate.swift */ = {isa = PBXFileReference; lastKnownFileType = sourcecode.swift; path = AppDelegate.swift; sourceTree = "<group>"; };
		C9EAB91D1EE816E000A630FE /* ViewController.swift */ = {isa = PBXFileReference; lastKnownFileType = sourcecode.swift; path = ViewController.swift; sourceTree = "<group>"; };
		C9EAB9221EE816E000A630FE /* Assets.xcassets */ = {isa = PBXFileReference; lastKnownFileType = folder.assetcatalog; path = Assets.xcassets; sourceTree = "<group>"; };
		C9EAB9251EE816E000A630FE /* Base */ = {isa = PBXFileReference; lastKnownFileType = file.storyboard; name = Base; path = Base.lproj/LaunchScreen.storyboard; sourceTree = "<group>"; };
		C9EAB9271EE816E000A630FE /* Info.plist */ = {isa = PBXFileReference; lastKnownFileType = text.plist.xml; path = Info.plist; sourceTree = "<group>"; };
		C9EAB92C1EE816E000A630FE /* SavePhotosTests.xctest */ = {isa = PBXFileReference; explicitFileType = wrapper.cfbundle; includeInIndex = 0; path = SavePhotosTests.xctest; sourceTree = BUILT_PRODUCTS_DIR; };
		C9EAB9301EE816E000A630FE /* SavePhotosTests.swift */ = {isa = PBXFileReference; lastKnownFileType = sourcecode.swift; path = SavePhotosTests.swift; sourceTree = "<group>"; };
		C9EAB9321EE816E000A630FE /* Info.plist */ = {isa = PBXFileReference; lastKnownFileType = text.plist.xml; path = Info.plist; sourceTree = "<group>"; };
		C9EAB9371EE816E000A630FE /* SavePhotosUITests.xctest */ = {isa = PBXFileReference; explicitFileType = wrapper.cfbundle; includeInIndex = 0; path = SavePhotosUITests.xctest; sourceTree = BUILT_PRODUCTS_DIR; };
		C9EAB93B1EE816E000A630FE /* SavePhotosUITests.swift */ = {isa = PBXFileReference; lastKnownFileType = sourcecode.swift; path = SavePhotosUITests.swift; sourceTree = "<group>"; };
		C9EAB93D1EE816E000A630FE /* Info.plist */ = {isa = PBXFileReference; lastKnownFileType = text.plist.xml; path = Info.plist; sourceTree = "<group>"; };
		CC14072BA7B6B920C348EE34 /* Pods_SavePhotosUITests.framework */ = {isa = PBXFileReference; explicitFileType = wrapper.framework; includeInIndex = 0; path = Pods_SavePhotosUITests.framework; sourceTree = BUILT_PRODUCTS_DIR; };
		CF2DDBD9C79330D872F9DFF6 /* Pods_SavePhotosTests.framework */ = {isa = PBXFileReference; explicitFileType = wrapper.framework; includeInIndex = 0; path = Pods_SavePhotosTests.framework; sourceTree = BUILT_PRODUCTS_DIR; };
		E686E4E817AFBA6649DB35CF /* Pods-SavePhotos.debug.xcconfig */ = {isa = PBXFileReference; includeInIndex = 1; lastKnownFileType = text.xcconfig; name = "Pods-SavePhotos.debug.xcconfig"; path = "Pods/Target Support Files/Pods-SavePhotos/Pods-SavePhotos.debug.xcconfig"; sourceTree = "<group>"; };
/* End PBXFileReference section */

/* Begin PBXFrameworksBuildPhase section */
		C9EAB9151EE816E000A630FE /* Frameworks */ = {
			isa = PBXFrameworksBuildPhase;
			buildActionMask = 2147483647;
			files = (
				307A9297D3D6553DCDB3AC40 /* Pods_SavePhotos.framework in Frameworks */,
			);
			runOnlyForDeploymentPostprocessing = 0;
		};
		C9EAB9291EE816E000A630FE /* Frameworks */ = {
			isa = PBXFrameworksBuildPhase;
			buildActionMask = 2147483647;
			files = (
				EF28F46EF6507B93FD43A815 /* Pods_SavePhotosTests.framework in Frameworks */,
			);
			runOnlyForDeploymentPostprocessing = 0;
		};
		C9EAB9341EE816E000A630FE /* Frameworks */ = {
			isa = PBXFrameworksBuildPhase;
			buildActionMask = 2147483647;
			files = (
				CDCDAE010AC3B166DC849AA4 /* Pods_SavePhotosUITests.framework in Frameworks */,
			);
			runOnlyForDeploymentPostprocessing = 0;
		};
/* End PBXFrameworksBuildPhase section */

/* Begin PBXGroup section */
		8F7984BF14695E845FB9DFB9 /* Frameworks */ = {
			isa = PBXGroup;
			children = (
				35C3388D89E52D42482DE317 /* Pods_SavePhotos.framework */,
				CF2DDBD9C79330D872F9DFF6 /* Pods_SavePhotosTests.framework */,
				CC14072BA7B6B920C348EE34 /* Pods_SavePhotosUITests.framework */,
			);
			name = Frameworks;
			sourceTree = "<group>";
		};
		97F9C20C64CE65CA8137B7B8 /* Pods */ = {
			isa = PBXGroup;
			children = (
				E686E4E817AFBA6649DB35CF /* Pods-SavePhotos.debug.xcconfig */,
				A8039B8DF2EAB916DB4DF83C /* Pods-SavePhotos.release.xcconfig */,
				2395D131620F4431154C7429 /* Pods-SavePhotosTests.debug.xcconfig */,
				050F8FE55F1C5AE4A2BB9755 /* Pods-SavePhotosTests.release.xcconfig */,
				40284B7588C83E6F52F036CF /* Pods-SavePhotosUITests.debug.xcconfig */,
				7A1EB4D369C5C20AB3099A58 /* Pods-SavePhotosUITests.release.xcconfig */,
			);
			name = Pods;
			sourceTree = "<group>";
		};
		C90F856D1F529077006D7736 /* Home */ = {
			isa = PBXGroup;
			children = (
				C90F85611F528FA7006D7736 /* HomeViewController.storyboard */,
				C90F85671F52901A006D7736 /* HomeViewController.swift */,
			);
			name = Home;
			sourceTree = "<group>";
		};
		C90F856E1F529082006D7736 /* Setting */ = {
			isa = PBXGroup;
			children = (
				C90F85631F528FCD006D7736 /* SettingViewController.storyboard */,
				C90F85691F529031006D7736 /* SettingViewController.swift */,
			);
			name = Setting;
			sourceTree = "<group>";
		};
		C90F856F1F52908C006D7736 /* Post */ = {
			isa = PBXGroup;
			children = (
				C90F85651F528FF8006D7736 /* PostViewController.storyboard */,
				C92E70681F5E9269005B48BC /* DiaryTableViewCell.xib */,
				C92E706A1F5E92B0005B48BC /* DiaryTableViewCell.swift */,
				C9BB55DE1F53E6710080ECE9 /* WriteViewController.swift */,
				C90F856B1F529046006D7736 /* PostViewController.swift */,
				C9AE4B251F529F910077F3DF /* InstaView.xib */,
				C9AE4B291F52A0250077F3DF /* InstaView.swift */,
			);
			name = Post;
			sourceTree = "<group>";
		};
		C90F85781F52982C006D7736 /* Album */ = {
			isa = PBXGroup;
			children = (
				C90F85761F529826006D7736 /* AlbumViewController.storyboard */,
				C90F85721F52918C006D7736 /* AlbumViewController.swift */,
				C9AE4B341F52BDAE0077F3DF /* AlbumCollectionViewCell.xib */,
				C9AE4B361F52BDBE0077F3DF /* AlbumCollectionViewCell.swift */,
			);
			name = Album;
			sourceTree = "<group>";
		};
		C90F85791F529873006D7736 /* Protocol */ = {
			isa = PBXGroup;
			children = (
				C90F85741F5293FD006D7736 /* StoryboardInstantiable.swift */,
				C9AE4B231F529E9F0077F3DF /* NibLoadable.swift */,
				C9AE4B1F1F529E670077F3DF /* Reusable.swift */,
			);
			name = Protocol;
			sourceTree = "<group>";
		};
		C99406661F54397B0080C008 /* Object */ = {
			isa = PBXGroup;
			children = (
				C99406641F5439780080C008 /* Dialy.swift */,
				C98F1DB71F54E7BE009ECE88 /* Album.swift */,
			);
			name = Object;
			sourceTree = "<group>";
		};
		C9AE4B311F52B9CD0077F3DF /* Extentions */ = {
			isa = PBXGroup;
			children = (
				C994065E1F5434550080C008 /* Ex_UITableView.swift */,
				C9AE4B2F1F52B9C60077F3DF /* Ex_UICollectionView.swift */,
				C9AE4B441F52F6A80077F3DF /* Ex_UIImage.swift */,
			);
			name = Extentions;
			sourceTree = "<group>";
		};
		C9AE4B381F52D85A0077F3DF /* AlbumDetail */ = {
			isa = PBXGroup;
			children = (
				C9AE4B2B1F52A8D20077F3DF /* AlbumDetailViewController.storyboard */,
				C9AE4B2D1F52A8EF0077F3DF /* AlbumDetailViewController.swift */,
			);
			name = AlbumDetail;
			sourceTree = "<group>";
		};
		C9AE4B3D1F52E11D0077F3DF /* ImagePicker */ = {
			isa = PBXGroup;
			children = (
				C9AE4B391F52E0F90077F3DF /* ImagePickerViewController.storyboard */,
				C9AE4B3B1F52E1120077F3DF /* ImagePickerViewController.swift */,
			);
			name = ImagePicker;
			sourceTree = "<group>";
		};
		C9AE4B421F52E5E10077F3DF /* Common */ = {
			isa = PBXGroup;
			children = (
				C9AE4B3E1F52E5BD0077F3DF /* ImageCollectionViewCell.xib */,
				C9AE4B401F52E5D40077F3DF /* ImageCollectionViewCell.swift */,
				C9BB55DC1F53CDC30080ECE9 /* Helper.swift */,
			);
			name = Common;
			sourceTree = "<group>";
		};
		C9AE4B431F52E6270077F3DF /* Scene */ = {
			isa = PBXGroup;
			children = (
				C90F856D1F529077006D7736 /* Home */,
				C90F85781F52982C006D7736 /* Album */,
				C9AE4B381F52D85A0077F3DF /* AlbumDetail */,
				C9AE4B3D1F52E11D0077F3DF /* ImagePicker */,
				C90F856F1F52908C006D7736 /* Post */,
				C90F856E1F529082006D7736 /* Setting */,
				C9AE4B421F52E5E10077F3DF /* Common */,
			);
			name = Scene;
			sourceTree = "<group>";
		};
		C9EAB90F1EE816E000A630FE = {
			isa = PBXGroup;
			children = (
				C9EAB91A1EE816E000A630FE /* SavePhotos */,
				C9EAB92F1EE816E000A630FE /* SavePhotosTests */,
				C9EAB93A1EE816E000A630FE /* SavePhotosUITests */,
				C9EAB9191EE816E000A630FE /* Products */,
				97F9C20C64CE65CA8137B7B8 /* Pods */,
				8F7984BF14695E845FB9DFB9 /* Frameworks */,
			);
			sourceTree = "<group>";
		};
		C9EAB9191EE816E000A630FE /* Products */ = {
			isa = PBXGroup;
			children = (
				C9EAB9181EE816E000A630FE /* SavePhotos.app */,
				C9EAB92C1EE816E000A630FE /* SavePhotosTests.xctest */,
				C9EAB9371EE816E000A630FE /* SavePhotosUITests.xctest */,
			);
			name = Products;
			sourceTree = "<group>";
		};
		C9EAB91A1EE816E000A630FE /* SavePhotos */ = {
			isa = PBXGroup;
			children = (
				C9EAB91B1EE816E000A630FE /* AppDelegate.swift */,
				C9EAB91D1EE816E000A630FE /* ViewController.swift */,
				C9EAB9221EE816E000A630FE /* Assets.xcassets */,
				C9EAB9241EE816E000A630FE /* LaunchScreen.storyboard */,
				C9EAB9271EE816E000A630FE /* Info.plist */,
				C9AE4B311F52B9CD0077F3DF /* Extentions */,
				C90F85791F529873006D7736 /* Protocol */,
				C99406661F54397B0080C008 /* Object */,
				C9AE4B431F52E6270077F3DF /* Scene */,
			);
			path = SavePhotos;
			sourceTree = "<group>";
		};
		C9EAB92F1EE816E000A630FE /* SavePhotosTests */ = {
			isa = PBXGroup;
			children = (
				C9EAB9301EE816E000A630FE /* SavePhotosTests.swift */,
				C9EAB9321EE816E000A630FE /* Info.plist */,
			);
			path = SavePhotosTests;
			sourceTree = "<group>";
		};
		C9EAB93A1EE816E000A630FE /* SavePhotosUITests */ = {
			isa = PBXGroup;
			children = (
				C9EAB93B1EE816E000A630FE /* SavePhotosUITests.swift */,
				C9EAB93D1EE816E000A630FE /* Info.plist */,
			);
			path = SavePhotosUITests;
			sourceTree = "<group>";
		};
/* End PBXGroup section */

/* Begin PBXNativeTarget section */
		C9EAB9171EE816E000A630FE /* SavePhotos */ = {
			isa = PBXNativeTarget;
			buildConfigurationList = C9EAB9401EE816E000A630FE /* Build configuration list for PBXNativeTarget "SavePhotos" */;
			buildPhases = (
				2D2BDD35C62B9BDF7172E276 /* [CP] Check Pods Manifest.lock */,
				C9EAB9141EE816E000A630FE /* Sources */,
				C9EAB9151EE816E000A630FE /* Frameworks */,
				C9EAB9161EE816E000A630FE /* Resources */,
				624826352E1963805B426C46 /* [CP] Embed Pods Frameworks */,
				CEBB5976D382D9061041F6D0 /* [CP] Copy Pods Resources */,
			);
			buildRules = (
			);
			dependencies = (
			);
			name = SavePhotos;
			productName = SavePhotos;
			productReference = C9EAB9181EE816E000A630FE /* SavePhotos.app */;
			productType = "com.apple.product-type.application";
		};
		C9EAB92B1EE816E000A630FE /* SavePhotosTests */ = {
			isa = PBXNativeTarget;
			buildConfigurationList = C9EAB9431EE816E000A630FE /* Build configuration list for PBXNativeTarget "SavePhotosTests" */;
			buildPhases = (
				D08A345E80744941E49602AF /* [CP] Check Pods Manifest.lock */,
				C9EAB9281EE816E000A630FE /* Sources */,
				C9EAB9291EE816E000A630FE /* Frameworks */,
				C9EAB92A1EE816E000A630FE /* Resources */,
				2C3417DBD0864912540283CA /* [CP] Embed Pods Frameworks */,
				3EAD1B4C092E85669EA5DC10 /* [CP] Copy Pods Resources */,
			);
			buildRules = (
			);
			dependencies = (
				C9EAB92E1EE816E000A630FE /* PBXTargetDependency */,
			);
			name = SavePhotosTests;
			productName = SavePhotosTests;
			productReference = C9EAB92C1EE816E000A630FE /* SavePhotosTests.xctest */;
			productType = "com.apple.product-type.bundle.unit-test";
		};
		C9EAB9361EE816E000A630FE /* SavePhotosUITests */ = {
			isa = PBXNativeTarget;
			buildConfigurationList = C9EAB9461EE816E000A630FE /* Build configuration list for PBXNativeTarget "SavePhotosUITests" */;
			buildPhases = (
				CFE988E5FD3E4B9C918858BC /* [CP] Check Pods Manifest.lock */,
				C9EAB9331EE816E000A630FE /* Sources */,
				C9EAB9341EE816E000A630FE /* Frameworks */,
				C9EAB9351EE816E000A630FE /* Resources */,
				CAF4CE2FB650896E071E0525 /* [CP] Embed Pods Frameworks */,
				FDE6E0B42133C4108D2D1027 /* [CP] Copy Pods Resources */,
			);
			buildRules = (
			);
			dependencies = (
				C9EAB9391EE816E000A630FE /* PBXTargetDependency */,
			);
			name = SavePhotosUITests;
			productName = SavePhotosUITests;
			productReference = C9EAB9371EE816E000A630FE /* SavePhotosUITests.xctest */;
			productType = "com.apple.product-type.bundle.ui-testing";
		};
/* End PBXNativeTarget section */

/* Begin PBXProject section */
		C9EAB9101EE816E000A630FE /* Project object */ = {
			isa = PBXProject;
			attributes = {
				LastSwiftUpdateCheck = 0820;
				LastUpgradeCheck = 0820;
				ORGANIZATIONNAME = "ちゅーたつ";
				TargetAttributes = {
					C9EAB9171EE816E000A630FE = {
						CreatedOnToolsVersion = 8.2.1;
						DevelopmentTeam = 84SRQMJE42;
						ProvisioningStyle = Automatic;
					};
					C9EAB92B1EE816E000A630FE = {
						CreatedOnToolsVersion = 8.2.1;
						DevelopmentTeam = 84SRQMJE42;
						ProvisioningStyle = Automatic;
						TestTargetID = C9EAB9171EE816E000A630FE;
					};
					C9EAB9361EE816E000A630FE = {
						CreatedOnToolsVersion = 8.2.1;
						DevelopmentTeam = 84SRQMJE42;
						ProvisioningStyle = Automatic;
						TestTargetID = C9EAB9171EE816E000A630FE;
					};
				};
			};
			buildConfigurationList = C9EAB9131EE816E000A630FE /* Build configuration list for PBXProject "SavePhotos" */;
			compatibilityVersion = "Xcode 3.2";
			developmentRegion = English;
			hasScannedForEncodings = 0;
			knownRegions = (
				en,
				Base,
			);
			mainGroup = C9EAB90F1EE816E000A630FE;
			productRefGroup = C9EAB9191EE816E000A630FE /* Products */;
			projectDirPath = "";
			projectRoot = "";
			targets = (
				C9EAB9171EE816E000A630FE /* SavePhotos */,
				C9EAB92B1EE816E000A630FE /* SavePhotosTests */,
				C9EAB9361EE816E000A630FE /* SavePhotosUITests */,
			);
		};
/* End PBXProject section */

/* Begin PBXResourcesBuildPhase section */
		C9EAB9161EE816E000A630FE /* Resources */ = {
			isa = PBXResourcesBuildPhase;
			buildActionMask = 2147483647;
			files = (
				C90F85621F528FA7006D7736 /* HomeViewController.storyboard in Resources */,
				C90F85661F528FF8006D7736 /* PostViewController.storyboard in Resources */,
				C9EAB9261EE816E000A630FE /* LaunchScreen.storyboard in Resources */,
				C90F85641F528FCD006D7736 /* SettingViewController.storyboard in Resources */,
				C9EAB9231EE816E000A630FE /* Assets.xcassets in Resources */,
				C90F85771F529826006D7736 /* AlbumViewController.storyboard in Resources */,
				C9AE4B2C1F52A8D20077F3DF /* AlbumDetailViewController.storyboard in Resources */,
				C9AE4B3F1F52E5BD0077F3DF /* ImageCollectionViewCell.xib in Resources */,
				C9AE4B351F52BDAE0077F3DF /* AlbumCollectionViewCell.xib in Resources */,
				C9AE4B261F529F910077F3DF /* InstaView.xib in Resources */,
				C9AE4B3A1F52E0F90077F3DF /* ImagePickerViewController.storyboard in Resources */,
				C92E70691F5E9269005B48BC /* DiaryTableViewCell.xib in Resources */,
			);
			runOnlyForDeploymentPostprocessing = 0;
		};
		C9EAB92A1EE816E000A630FE /* Resources */ = {
			isa = PBXResourcesBuildPhase;
			buildActionMask = 2147483647;
			files = (
			);
			runOnlyForDeploymentPostprocessing = 0;
		};
		C9EAB9351EE816E000A630FE /* Resources */ = {
			isa = PBXResourcesBuildPhase;
			buildActionMask = 2147483647;
			files = (
			);
			runOnlyForDeploymentPostprocessing = 0;
		};
/* End PBXResourcesBuildPhase section */

/* Begin PBXShellScriptBuildPhase section */
		2C3417DBD0864912540283CA /* [CP] Embed Pods Frameworks */ = {
			isa = PBXShellScriptBuildPhase;
			buildActionMask = 2147483647;
			files = (
			);
			inputPaths = (
			);
			name = "[CP] Embed Pods Frameworks";
			outputPaths = (
			);
			runOnlyForDeploymentPostprocessing = 0;
			shellPath = /bin/sh;
			shellScript = "\"${SRCROOT}/Pods/Target Support Files/Pods-SavePhotosTests/Pods-SavePhotosTests-frameworks.sh\"\n";
			showEnvVarsInLog = 0;
		};
		2D2BDD35C62B9BDF7172E276 /* [CP] Check Pods Manifest.lock */ = {
			isa = PBXShellScriptBuildPhase;
			buildActionMask = 2147483647;
			files = (
			);
			inputPaths = (
			);
			name = "[CP] Check Pods Manifest.lock";
			outputPaths = (
			);
			runOnlyForDeploymentPostprocessing = 0;
			shellPath = /bin/sh;
			shellScript = "diff \"${PODS_PODFILE_DIR_PATH}/Podfile.lock\" \"${PODS_ROOT}/Manifest.lock\" > /dev/null\nif [ $? != 0 ] ; then\n    # print error to STDERR\n    echo \"error: The sandbox is not in sync with the Podfile.lock. Run 'pod install' or update your CocoaPods installation.\" >&2\n    exit 1\nfi\n";
			showEnvVarsInLog = 0;
		};
		3EAD1B4C092E85669EA5DC10 /* [CP] Copy Pods Resources */ = {
			isa = PBXShellScriptBuildPhase;
			buildActionMask = 2147483647;
			files = (
			);
			inputPaths = (
			);
			name = "[CP] Copy Pods Resources";
			outputPaths = (
			);
			runOnlyForDeploymentPostprocessing = 0;
			shellPath = /bin/sh;
			shellScript = "\"${SRCROOT}/Pods/Target Support Files/Pods-SavePhotosTests/Pods-SavePhotosTests-resources.sh\"\n";
			showEnvVarsInLog = 0;
		};
		624826352E1963805B426C46 /* [CP] Embed Pods Frameworks */ = {
			isa = PBXShellScriptBuildPhase;
			buildActionMask = 2147483647;
			files = (
			);
			inputPaths = (
			);
			name = "[CP] Embed Pods Frameworks";
			outputPaths = (
			);
			runOnlyForDeploymentPostprocessing = 0;
			shellPath = /bin/sh;
			shellScript = "\"${SRCROOT}/Pods/Target Support Files/Pods-SavePhotos/Pods-SavePhotos-frameworks.sh\"\n";
			showEnvVarsInLog = 0;
		};
		CAF4CE2FB650896E071E0525 /* [CP] Embed Pods Frameworks */ = {
			isa = PBXShellScriptBuildPhase;
			buildActionMask = 2147483647;
			files = (
			);
			inputPaths = (
			);
			name = "[CP] Embed Pods Frameworks";
			outputPaths = (
			);
			runOnlyForDeploymentPostprocessing = 0;
			shellPath = /bin/sh;
			shellScript = "\"${SRCROOT}/Pods/Target Support Files/Pods-SavePhotosUITests/Pods-SavePhotosUITests-frameworks.sh\"\n";
			showEnvVarsInLog = 0;
		};
		CEBB5976D382D9061041F6D0 /* [CP] Copy Pods Resources */ = {
			isa = PBXShellScriptBuildPhase;
			buildActionMask = 2147483647;
			files = (
			);
			inputPaths = (
			);
			name = "[CP] Copy Pods Resources";
			outputPaths = (
			);
			runOnlyForDeploymentPostprocessing = 0;
			shellPath = /bin/sh;
			shellScript = "\"${SRCROOT}/Pods/Target Support Files/Pods-SavePhotos/Pods-SavePhotos-resources.sh\"\n";
			showEnvVarsInLog = 0;
		};
		CFE988E5FD3E4B9C918858BC /* [CP] Check Pods Manifest.lock */ = {
			isa = PBXShellScriptBuildPhase;
			buildActionMask = 2147483647;
			files = (
			);
			inputPaths = (
			);
			name = "[CP] Check Pods Manifest.lock";
			outputPaths = (
			);
			runOnlyForDeploymentPostprocessing = 0;
			shellPath = /bin/sh;
			shellScript = "diff \"${PODS_PODFILE_DIR_PATH}/Podfile.lock\" \"${PODS_ROOT}/Manifest.lock\" > /dev/null\nif [ $? != 0 ] ; then\n    # print error to STDERR\n    echo \"error: The sandbox is not in sync with the Podfile.lock. Run 'pod install' or update your CocoaPods installation.\" >&2\n    exit 1\nfi\n";
			showEnvVarsInLog = 0;
		};
		D08A345E80744941E49602AF /* [CP] Check Pods Manifest.lock */ = {
			isa = PBXShellScriptBuildPhase;
			buildActionMask = 2147483647;
			files = (
			);
			inputPaths = (
			);
			name = "[CP] Check Pods Manifest.lock";
			outputPaths = (
			);
			runOnlyForDeploymentPostprocessing = 0;
			shellPath = /bin/sh;
			shellScript = "diff \"${PODS_PODFILE_DIR_PATH}/Podfile.lock\" \"${PODS_ROOT}/Manifest.lock\" > /dev/null\nif [ $? != 0 ] ; then\n    # print error to STDERR\n    echo \"error: The sandbox is not in sync with the Podfile.lock. Run 'pod install' or update your CocoaPods installation.\" >&2\n    exit 1\nfi\n";
			showEnvVarsInLog = 0;
		};
		FDE6E0B42133C4108D2D1027 /* [CP] Copy Pods Resources */ = {
			isa = PBXShellScriptBuildPhase;
			buildActionMask = 2147483647;
			files = (
			);
			inputPaths = (
			);
			name = "[CP] Copy Pods Resources";
			outputPaths = (
			);
			runOnlyForDeploymentPostprocessing = 0;
			shellPath = /bin/sh;
			shellScript = "\"${SRCROOT}/Pods/Target Support Files/Pods-SavePhotosUITests/Pods-SavePhotosUITests-resources.sh\"\n";
			showEnvVarsInLog = 0;
		};
/* End PBXShellScriptBuildPhase section */

/* Begin PBXSourcesBuildPhase section */
		C9EAB9141EE816E000A630FE /* Sources */ = {
			isa = PBXSourcesBuildPhase;
			buildActionMask = 2147483647;
			files = (
				C9BB55DF1F53E6710080ECE9 /* WriteViewController.swift in Sources */,
				C90F85731F52918C006D7736 /* AlbumViewController.swift in Sources */,
				C9AE4B371F52BDBE0077F3DF /* AlbumCollectionViewCell.swift in Sources */,
				C9AE4B301F52B9C60077F3DF /* Ex_UICollectionView.swift in Sources */,
				C9EAB91E1EE816E000A630FE /* ViewController.swift in Sources */,
				C9AE4B411F52E5D40077F3DF /* ImageCollectionViewCell.swift in Sources */,
				C9AE4B2A1F52A0250077F3DF /* InstaView.swift in Sources */,
				C9AE4B2E1F52A8EF0077F3DF /* AlbumDetailViewController.swift in Sources */,
				C9AE4B3C1F52E1120077F3DF /* ImagePickerViewController.swift in Sources */,
				C9BB55DD1F53CDC30080ECE9 /* Helper.swift in Sources */,
				C9AE4B451F52F6A80077F3DF /* Ex_UIImage.swift in Sources */,
				C92E706B1F5E92B0005B48BC /* DiaryTableViewCell.swift in Sources */,
				C994065F1F5434550080C008 /* Ex_UITableView.swift in Sources */,
				C9EAB91C1EE816E000A630FE /* AppDelegate.swift in Sources */,
				C9AE4B241F529E9F0077F3DF /* NibLoadable.swift in Sources */,
				C90F85681F52901A006D7736 /* HomeViewController.swift in Sources */,
				C9AE4B201F529E670077F3DF /* Reusable.swift in Sources */,
				C99406651F5439780080C008 /* Dialy.swift in Sources */,
				C90F85751F5293FD006D7736 /* StoryboardInstantiable.swift in Sources */,
				C98F1DB81F54E7BE009ECE88 /* Album.swift in Sources */,
				C90F856A1F529031006D7736 /* SettingViewController.swift in Sources */,
				C90F856C1F529046006D7736 /* PostViewController.swift in Sources */,
			);
			runOnlyForDeploymentPostprocessing = 0;
		};
		C9EAB9281EE816E000A630FE /* Sources */ = {
			isa = PBXSourcesBuildPhase;
			buildActionMask = 2147483647;
			files = (
				C9EAB9311EE816E000A630FE /* SavePhotosTests.swift in Sources */,
			);
			runOnlyForDeploymentPostprocessing = 0;
		};
		C9EAB9331EE816E000A630FE /* Sources */ = {
			isa = PBXSourcesBuildPhase;
			buildActionMask = 2147483647;
			files = (
				C9EAB93C1EE816E000A630FE /* SavePhotosUITests.swift in Sources */,
			);
			runOnlyForDeploymentPostprocessing = 0;
		};
/* End PBXSourcesBuildPhase section */

/* Begin PBXTargetDependency section */
		C9EAB92E1EE816E000A630FE /* PBXTargetDependency */ = {
			isa = PBXTargetDependency;
			target = C9EAB9171EE816E000A630FE /* SavePhotos */;
			targetProxy = C9EAB92D1EE816E000A630FE /* PBXContainerItemProxy */;
		};
		C9EAB9391EE816E000A630FE /* PBXTargetDependency */ = {
			isa = PBXTargetDependency;
			target = C9EAB9171EE816E000A630FE /* SavePhotos */;
			targetProxy = C9EAB9381EE816E000A630FE /* PBXContainerItemProxy */;
		};
/* End PBXTargetDependency section */

/* Begin PBXVariantGroup section */
		C9EAB9241EE816E000A630FE /* LaunchScreen.storyboard */ = {
			isa = PBXVariantGroup;
			children = (
				C9EAB9251EE816E000A630FE /* Base */,
			);
			name = LaunchScreen.storyboard;
			sourceTree = "<group>";
		};
/* End PBXVariantGroup section */

/* Begin XCBuildConfiguration section */
		C9EAB93E1EE816E000A630FE /* Debug */ = {
			isa = XCBuildConfiguration;
			buildSettings = {
				ALWAYS_SEARCH_USER_PATHS = NO;
				CLANG_ANALYZER_NONNULL = YES;
				CLANG_CXX_LANGUAGE_STANDARD = "gnu++0x";
				CLANG_CXX_LIBRARY = "libc++";
				CLANG_ENABLE_MODULES = YES;
				CLANG_ENABLE_OBJC_ARC = YES;
				CLANG_WARN_BOOL_CONVERSION = YES;
				CLANG_WARN_CONSTANT_CONVERSION = YES;
				CLANG_WARN_DIRECT_OBJC_ISA_USAGE = YES_ERROR;
				CLANG_WARN_DOCUMENTATION_COMMENTS = YES;
				CLANG_WARN_EMPTY_BODY = YES;
				CLANG_WARN_ENUM_CONVERSION = YES;
				CLANG_WARN_INFINITE_RECURSION = YES;
				CLANG_WARN_INT_CONVERSION = YES;
				CLANG_WARN_OBJC_ROOT_CLASS = YES_ERROR;
				CLANG_WARN_SUSPICIOUS_MOVE = YES;
				CLANG_WARN_UNREACHABLE_CODE = YES;
				CLANG_WARN__DUPLICATE_METHOD_MATCH = YES;
				"CODE_SIGN_IDENTITY[sdk=iphoneos*]" = "iPhone Developer";
				COPY_PHASE_STRIP = NO;
				DEBUG_INFORMATION_FORMAT = dwarf;
				ENABLE_STRICT_OBJC_MSGSEND = YES;
				ENABLE_TESTABILITY = YES;
				GCC_C_LANGUAGE_STANDARD = gnu99;
				GCC_DYNAMIC_NO_PIC = NO;
				GCC_NO_COMMON_BLOCKS = YES;
				GCC_OPTIMIZATION_LEVEL = 0;
				GCC_PREPROCESSOR_DEFINITIONS = (
					"DEBUG=1",
					"$(inherited)",
				);
				GCC_WARN_64_TO_32_BIT_CONVERSION = YES;
				GCC_WARN_ABOUT_RETURN_TYPE = YES_ERROR;
				GCC_WARN_UNDECLARED_SELECTOR = YES;
				GCC_WARN_UNINITIALIZED_AUTOS = YES_AGGRESSIVE;
				GCC_WARN_UNUSED_FUNCTION = YES;
				GCC_WARN_UNUSED_VARIABLE = YES;
				IPHONEOS_DEPLOYMENT_TARGET = 10.2;
				MTL_ENABLE_DEBUG_INFO = YES;
				ONLY_ACTIVE_ARCH = YES;
				SDKROOT = iphoneos;
				SWIFT_ACTIVE_COMPILATION_CONDITIONS = DEBUG;
				SWIFT_OPTIMIZATION_LEVEL = "-Onone";
			};
			name = Debug;
		};
		C9EAB93F1EE816E000A630FE /* Release */ = {
			isa = XCBuildConfiguration;
			buildSettings = {
				ALWAYS_SEARCH_USER_PATHS = NO;
				CLANG_ANALYZER_NONNULL = YES;
				CLANG_CXX_LANGUAGE_STANDARD = "gnu++0x";
				CLANG_CXX_LIBRARY = "libc++";
				CLANG_ENABLE_MODULES = YES;
				CLANG_ENABLE_OBJC_ARC = YES;
				CLANG_WARN_BOOL_CONVERSION = YES;
				CLANG_WARN_CONSTANT_CONVERSION = YES;
				CLANG_WARN_DIRECT_OBJC_ISA_USAGE = YES_ERROR;
				CLANG_WARN_DOCUMENTATION_COMMENTS = YES;
				CLANG_WARN_EMPTY_BODY = YES;
				CLANG_WARN_ENUM_CONVERSION = YES;
				CLANG_WARN_INFINITE_RECURSION = YES;
				CLANG_WARN_INT_CONVERSION = YES;
				CLANG_WARN_OBJC_ROOT_CLASS = YES_ERROR;
				CLANG_WARN_SUSPICIOUS_MOVE = YES;
				CLANG_WARN_UNREACHABLE_CODE = YES;
				CLANG_WARN__DUPLICATE_METHOD_MATCH = YES;
				"CODE_SIGN_IDENTITY[sdk=iphoneos*]" = "iPhone Developer";
				COPY_PHASE_STRIP = NO;
				DEBUG_INFORMATION_FORMAT = "dwarf-with-dsym";
				ENABLE_NS_ASSERTIONS = NO;
				ENABLE_STRICT_OBJC_MSGSEND = YES;
				GCC_C_LANGUAGE_STANDARD = gnu99;
				GCC_NO_COMMON_BLOCKS = YES;
				GCC_WARN_64_TO_32_BIT_CONVERSION = YES;
				GCC_WARN_ABOUT_RETURN_TYPE = YES_ERROR;
				GCC_WARN_UNDECLARED_SELECTOR = YES;
				GCC_WARN_UNINITIALIZED_AUTOS = YES_AGGRESSIVE;
				GCC_WARN_UNUSED_FUNCTION = YES;
				GCC_WARN_UNUSED_VARIABLE = YES;
				IPHONEOS_DEPLOYMENT_TARGET = 10.2;
				MTL_ENABLE_DEBUG_INFO = NO;
				SDKROOT = iphoneos;
				SWIFT_OPTIMIZATION_LEVEL = "-Owholemodule";
				VALIDATE_PRODUCT = YES;
			};
			name = Release;
		};
		C9EAB9411EE816E000A630FE /* Debug */ = {
			isa = XCBuildConfiguration;
			baseConfigurationReference = E686E4E817AFBA6649DB35CF /* Pods-SavePhotos.debug.xcconfig */;
			buildSettings = {
				ASSETCATALOG_COMPILER_APPICON_NAME = AppIcon;
				DEVELOPMENT_TEAM = 84SRQMJE42;
				INFOPLIST_FILE = SavePhotos/Info.plist;
				LD_RUNPATH_SEARCH_PATHS = "$(inherited) @executable_path/Frameworks";
				PRODUCT_BUNDLE_IDENTIFIER = test.self.SavePhotos;
				PRODUCT_NAME = "$(TARGET_NAME)";
				SWIFT_VERSION = 3.0;
			};
			name = Debug;
		};
		C9EAB9421EE816E000A630FE /* Release */ = {
			isa = XCBuildConfiguration;
			baseConfigurationReference = A8039B8DF2EAB916DB4DF83C /* Pods-SavePhotos.release.xcconfig */;
			buildSettings = {
				ASSETCATALOG_COMPILER_APPICON_NAME = AppIcon;
				DEVELOPMENT_TEAM = 84SRQMJE42;
				INFOPLIST_FILE = SavePhotos/Info.plist;
				LD_RUNPATH_SEARCH_PATHS = "$(inherited) @executable_path/Frameworks";
				PRODUCT_BUNDLE_IDENTIFIER = test.self.SavePhotos;
				PRODUCT_NAME = "$(TARGET_NAME)";
				SWIFT_VERSION = 3.0;
			};
			name = Release;
		};
		C9EAB9441EE816E000A630FE /* Debug */ = {
			isa = XCBuildConfiguration;
			baseConfigurationReference = 2395D131620F4431154C7429 /* Pods-SavePhotosTests.debug.xcconfig */;
			buildSettings = {
				ALWAYS_EMBED_SWIFT_STANDARD_LIBRARIES = YES;
				BUNDLE_LOADER = "$(TEST_HOST)";
				DEVELOPMENT_TEAM = 84SRQMJE42;
				INFOPLIST_FILE = SavePhotosTests/Info.plist;
				LD_RUNPATH_SEARCH_PATHS = "$(inherited) @executable_path/Frameworks @loader_path/Frameworks";
				PRODUCT_BUNDLE_IDENTIFIER = test.self.SavePhotosTests;
				PRODUCT_NAME = "$(TARGET_NAME)";
				SWIFT_VERSION = 3.0;
				TEST_HOST = "$(BUILT_PRODUCTS_DIR)/SavePhotos.app/SavePhotos";
			};
			name = Debug;
		};
		C9EAB9451EE816E000A630FE /* Release */ = {
			isa = XCBuildConfiguration;
			baseConfigurationReference = 050F8FE55F1C5AE4A2BB9755 /* Pods-SavePhotosTests.release.xcconfig */;
			buildSettings = {
				ALWAYS_EMBED_SWIFT_STANDARD_LIBRARIES = YES;
				BUNDLE_LOADER = "$(TEST_HOST)";
				DEVELOPMENT_TEAM = 84SRQMJE42;
				INFOPLIST_FILE = SavePhotosTests/Info.plist;
				LD_RUNPATH_SEARCH_PATHS = "$(inherited) @executable_path/Frameworks @loader_path/Frameworks";
				PRODUCT_BUNDLE_IDENTIFIER = test.self.SavePhotosTests;
				PRODUCT_NAME = "$(TARGET_NAME)";
				SWIFT_VERSION = 3.0;
				TEST_HOST = "$(BUILT_PRODUCTS_DIR)/SavePhotos.app/SavePhotos";
			};
			name = Release;
		};
		C9EAB9471EE816E000A630FE /* Debug */ = {
			isa = XCBuildConfiguration;
			baseConfigurationReference = 40284B7588C83E6F52F036CF /* Pods-SavePhotosUITests.debug.xcconfig */;
			buildSettings = {
				ALWAYS_EMBED_SWIFT_STANDARD_LIBRARIES = YES;
				DEVELOPMENT_TEAM = 84SRQMJE42;
				INFOPLIST_FILE = SavePhotosUITests/Info.plist;
				LD_RUNPATH_SEARCH_PATHS = "$(inherited) @executable_path/Frameworks @loader_path/Frameworks";
				PRODUCT_BUNDLE_IDENTIFIER = test.self.SavePhotosUITests;
				PRODUCT_NAME = "$(TARGET_NAME)";
				SWIFT_VERSION = 3.0;
				TEST_TARGET_NAME = SavePhotos;
			};
			name = Debug;
		};
		C9EAB9481EE816E000A630FE /* Release */ = {
			isa = XCBuildConfiguration;
			baseConfigurationReference = 7A1EB4D369C5C20AB3099A58 /* Pods-SavePhotosUITests.release.xcconfig */;
			buildSettings = {
				ALWAYS_EMBED_SWIFT_STANDARD_LIBRARIES = YES;
				DEVELOPMENT_TEAM = 84SRQMJE42;
				INFOPLIST_FILE = SavePhotosUITests/Info.plist;
				LD_RUNPATH_SEARCH_PATHS = "$(inherited) @executable_path/Frameworks @loader_path/Frameworks";
				PRODUCT_BUNDLE_IDENTIFIER = test.self.SavePhotosUITests;
				PRODUCT_NAME = "$(TARGET_NAME)";
				SWIFT_VERSION = 3.0;
				TEST_TARGET_NAME = SavePhotos;
			};
			name = Release;
		};
/* End XCBuildConfiguration section */

/* Begin XCConfigurationList section */
		C9EAB9131EE816E000A630FE /* Build configuration list for PBXProject "SavePhotos" */ = {
			isa = XCConfigurationList;
			buildConfigurations = (
				C9EAB93E1EE816E000A630FE /* Debug */,
				C9EAB93F1EE816E000A630FE /* Release */,
			);
			defaultConfigurationIsVisible = 0;
			defaultConfigurationName = Release;
		};
		C9EAB9401EE816E000A630FE /* Build configuration list for PBXNativeTarget "SavePhotos" */ = {
			isa = XCConfigurationList;
			buildConfigurations = (
				C9EAB9411EE816E000A630FE /* Debug */,
				C9EAB9421EE816E000A630FE /* Release */,
			);
			defaultConfigurationIsVisible = 0;
			defaultConfigurationName = Release;
		};
		C9EAB9431EE816E000A630FE /* Build configuration list for PBXNativeTarget "SavePhotosTests" */ = {
			isa = XCConfigurationList;
			buildConfigurations = (
				C9EAB9441EE816E000A630FE /* Debug */,
				C9EAB9451EE816E000A630FE /* Release */,
			);
			defaultConfigurationIsVisible = 0;
			defaultConfigurationName = Release;
		};
		C9EAB9461EE816E000A630FE /* Build configuration list for PBXNativeTarget "SavePhotosUITests" */ = {
			isa = XCConfigurationList;
			buildConfigurations = (
				C9EAB9471EE816E000A630FE /* Debug */,
				C9EAB9481EE816E000A630FE /* Release */,
			);
			defaultConfigurationIsVisible = 0;
			defaultConfigurationName = Release;
		};
/* End XCConfigurationList section */
	};
	rootObject = C9EAB9101EE816E000A630FE /* Project object */;
}
